
Microsoft Visual Studio Solution File, Format Version 12.00
# Visual Studio Version 16
VisualStudioVersion = 16.0.33214.272
MinimumVisualStudioVersion = 10.0.40219.1
Project("{FAE04EC0-301F-11D3-BF4B-00C04F79EFBC}") = "Tre.Config-Changer", "Tre.Config-Changer\Tre.Config-Changer.csproj", "{64C8826F-7F80-4B03-92D5-60E3FFCAA634}"
EndProject
Global
	GlobalSection(SolutionConfigurationPlatforms) = preSolution
		Debug|Any CPU = Debug|Any CPU
		Release|Any CPU = Release|Any CPU
	EndGlobalSection
	GlobalSection(ProjectConfigurationPlatforms) = postSolution
		{64C8826F-7F80-4B03-92D5-60E3FFCAA634}.Debug|Any CPU.ActiveCfg = Debug|Any CPU
		{64C8826F-7F80-4B03-92D5-60E3FFCAA634}.Debug|Any CPU.Build.0 = Debug|Any CPU
		{64C8826F-7F80-4B03-92D5-60E3FFCAA634}.Release|Any CPU.ActiveCfg = Release|Any CPU
		{64C8826F-7F80-4B03-92D5-60E3FFCAA634}.Release|Any CPU.Build.0 = Release|Any CPU
	EndGlobalSection
	GlobalSection(SolutionProperties) = preSolution
		HideSolutionNode = FALSE
	EndGlobalSection
	GlobalSection(ExtensibilityGlobals) = postSolution
		SolutionGuid = {F3E1A007-A315-4F7E-BC34-E6044066A9FF}
	EndGlobalSection
EndGlobal
