
Microsoft Visual Studio Solution File, Format Version 12.00
# Visual Studio Version 17
VisualStudioVersion = 17.4.33213.308
MinimumVisualStudioVersion = 10.0.40219.1
Project("{FAE04EC0-301F-11D3-BF4B-00C04F79EFBC}") = "Tre.Settings", "Tre.Settings.csproj", "{4356CFE7-3555-46ED-9EE5-1524EB38902B}"
EndProject
Global
	GlobalSection(SolutionConfigurationPlatforms) = preSolution
		Debug|Any CPU = Debug|Any CPU
		Release|Any CPU = Release|Any CPU
	EndGlobalSection
	GlobalSection(ProjectConfigurationPlatforms) = postSolution
		{4356CFE7-3555-46ED-9EE5-1524EB38902B}.Debug|Any CPU.ActiveCfg = Debug|Any CPU
		{4356CFE7-3555-46ED-9EE5-1524EB38902B}.Debug|Any CPU.Build.0 = Debug|Any CPU
		{4356CFE7-3555-46ED-9EE5-1524EB38902B}.Release|Any CPU.ActiveCfg = Release|Any CPU
		{4356CFE7-3555-46ED-9EE5-1524EB38902B}.Release|Any CPU.Build.0 = Release|Any CPU
	EndGlobalSection
	GlobalSection(SolutionProperties) = preSolution
		HideSolutionNode = FALSE
	EndGlobalSection
	GlobalSection(ExtensibilityGlobals) = postSolution
		SolutionGuid = {D5A7D5F9-C703-43F3-98C4-E98AFC777798}
	EndGlobalSection
EndGlobal
